# This file is generated by running "yarn install" inside your project.
# Manual changes might be lost - proceed with caution!

__metadata:
  version: 4
  cacheKey: 7

"@cosmjs-types/cosmos@workspace:packages/cosmos":
  version: 0.0.0-use.local
  resolution: "@cosmjs-types/cosmos@workspace:packages/cosmos"
  dependencies:
    prettier: ^2.3.0
  languageName: unknown
  linkType: soft

"@protobufjs/aspromise@npm:^1.1.1, @protobufjs/aspromise@npm:^1.1.2":
  version: 1.1.2
  resolution: "@protobufjs/aspromise@npm:1.1.2"
  checksum: 83ced0798abea0c30ed07dc6338605ddfd8dc7b8b15d84586d155980f90476a8f049e7695d7de79d35dcada29a01710d24d0aa2104e8466412c0cbc6c14d9173
  languageName: node
  linkType: hard

"@protobufjs/base64@npm:^1.1.2":
  version: 1.1.2
  resolution: "@protobufjs/base64@npm:1.1.2"
  checksum: ae9e84aaf69f5e6aedfb346153c236e6f6ca0e97612c680251fc3e48e6c60746ed553062ea97fdde9f0592fb085e467b9de377a848a224d990a4f0a5e7212fa4
  languageName: node
  linkType: hard

"@protobufjs/codegen@npm:^2.0.4":
  version: 2.0.4
  resolution: "@protobufjs/codegen@npm:2.0.4"
  checksum: a05d5f8892eeb7696c73f7585a9c3a89eea293b37a582cd1a5d650908393287b0ca068dc55e7bbecd3ec146b2f61afaff2f61e3cb488ea67b900114247b1b717
  languageName: node
  linkType: hard

"@protobufjs/eventemitter@npm:^1.1.0":
  version: 1.1.0
  resolution: "@protobufjs/eventemitter@npm:1.1.0"
  checksum: 32a84e33f191a3ddc0ca4f8975484c0afaf10c2b27e0cb2008dabe267791420447c25d77b1409595aa6be660a908ada306d40cccb675aee7912c4bc82a9f512e
  languageName: node
  linkType: hard

"@protobufjs/fetch@npm:^1.1.0":
  version: 1.1.0
  resolution: "@protobufjs/fetch@npm:1.1.0"
  dependencies:
    "@protobufjs/aspromise": ^1.1.1
    "@protobufjs/inquire": ^1.1.0
  checksum: d682e5d8a164d096d71b05866eb0852d4e1fc024900e3af96a57d9f6396402b96d81b7bd77cda6b983ebcbfd715ec12dd1c1582760b7658a9438c530f5f6f4db
  languageName: node
  linkType: hard

"@protobufjs/float@npm:^1.0.2":
  version: 1.0.2
  resolution: "@protobufjs/float@npm:1.0.2"
  checksum: eee7278de2c4550fac7ec156cba3d4227226a08470426cba6eb04671be9aea035bdf79b7839fdad624171451a4d66e1cdf01e4980e57223ba4f1e34ccd187563
  languageName: node
  linkType: hard

"@protobufjs/inquire@npm:^1.1.0":
  version: 1.1.0
  resolution: "@protobufjs/inquire@npm:1.1.0"
  checksum: 3541518cca945c2a95e2dcacacdc243fd64abc4cc51c2b691bd0534bd8a1b945c90368f57ba3fed1d6632e1e68d6dac6a7761738f89ccf60bb352b6624c8aacb
  languageName: node
  linkType: hard

"@protobufjs/path@npm:^1.1.2":
  version: 1.1.2
  resolution: "@protobufjs/path@npm:1.1.2"
  checksum: 22f10c5c22e5b3f7bb3e7f0af15bafa1fe42bad3705f27448464c6221d956d10c6c9dad96a48650ec5acba7b072a64ab94da52e21f00e6cd9612da761f02b845
  languageName: node
  linkType: hard

"@protobufjs/pool@npm:^1.1.0":
  version: 1.1.0
  resolution: "@protobufjs/pool@npm:1.1.0"
  checksum: 5fc4af9e069b58cc39cfd6fded3bfe3de7113d35c1bc3458bfc6699fa42e90c2c6d96b5ae7c274470f272135122a9ab94c708eacfd81e1b0a593917841b07ec4
  languageName: node
  linkType: hard

"@protobufjs/utf8@npm:^1.1.0":
  version: 1.1.0
  resolution: "@protobufjs/utf8@npm:1.1.0"
  checksum: 5b3fa7425fe2852f6e5643d9a53c6cfb4491630667176c0fc35ddb7a71101559241bafb6b80486144ed75da3d3624095d037c802b578dbdb4cce131cf1bcb7cf
  languageName: node
  linkType: hard

"@types/long@npm:^4.0.1":
  version: 4.0.1
  resolution: "@types/long@npm:4.0.1"
  checksum: ed2a125330dbf2b425b2e58b1e1151a37106ceeec973f9f191fba0bda83ed00fae6d858254022e8b6e7165fec5f0c3872b7cb5f425c753383fed54699fb63b38
  languageName: node
  linkType: hard

"@types/node@npm:>=13.7.0":
  version: 15.6.1
  resolution: "@types/node@npm:15.6.1"
  checksum: 07b3855bc0a1ba2215455a3ef4ed5e88711321b3cdc0ba1ea0286f6facbdf61530970b9fa7eec79eb1d46231f986c21ef3b7c1f1e0c365cf1b887d76b0addb86
  languageName: node
  linkType: hard

"@types/object-hash@npm:^1.3.0":
  version: 1.3.4
  resolution: "@types/object-hash@npm:1.3.4"
  checksum: 2ae12c7b341bcefb8f5e163527ab6afb911b3fdcdb2aeacac3231b13d5d5ddd4f75bde48268dd01727bac3488222b629808b20b6650364d011bb3c6692dd38e2
  languageName: node
  linkType: hard

"@types/prettier@npm:^1.19.0":
  version: 1.19.1
  resolution: "@types/prettier@npm:1.19.1"
  checksum: 394a4364ce5e3364bd230eaeed16cfa816b686bb05fc71968188f6a29b1f69abc235ccd4fd0aef4c4eec124480a6e3420962e99406e2bf2f552c9aae46073546
  languageName: node
  linkType: hard

"cosmjs-types@workspace:.":
  version: 0.0.0-use.local
  resolution: "cosmjs-types@workspace:."
  dependencies:
    ts-proto: ^1.81.1
  languageName: unknown
  linkType: soft

"dataloader@npm:^1.4.0":
  version: 1.4.0
  resolution: "dataloader@npm:1.4.0"
  checksum: 1c698b6d4734b66ba1cf445eb89de92474f04d836d906555038d2839b8ec61f67df0abd1b5f798248235c2e4c01a791345d62c292a0bbe63251efc3b0dba3bca
  languageName: node
  linkType: hard

"lodash@npm:^4.17.15":
  version: 4.17.21
  resolution: "lodash@npm:4.17.21"
  checksum: 4983720b9abca930a4a46f18db163d7dad8dd00dbed6db0cc7b499b33b717cce69f80928b27bbb1ff2cbd3b19d251ee90669a8b5ea466072ca81c2ebe91e7468
  languageName: node
  linkType: hard

"long@npm:^4.0.0":
  version: 4.0.0
  resolution: "long@npm:4.0.0"
  checksum: 9cebc1ee8b9ea15278c977f61250ac41becdf7216104905f0d198c147ed2a7a090a2d83bb212878d3dc3ccb0199e6428862f848ec4b0ecfeab4dfe24eccf21b3
  languageName: node
  linkType: hard

"object-hash@npm:^1.3.1":
  version: 1.3.1
  resolution: "object-hash@npm:1.3.1"
  checksum: 035cb0b0e66b34611ec5a6bf723380b7f4b3b1292ef44aa9ba93258334a2dca8cf91be28021e9ffa5edf737f97fc54b66d0605bf62db3a63f05191b0002be7bf
  languageName: node
  linkType: hard

"prettier@npm:^2.0.2, prettier@npm:^2.3.0":
  version: 2.3.0
  resolution: "prettier@npm:2.3.0"
  bin:
    prettier: bin-prettier.js
  checksum: 652640cc8b71bc5277cfb8bf6f161783ca588efcf683c3d630837b39da8d57fef35c9e00ae5855a8e3c75136c42274046c913cc2b2d2968558315f31c6a26981
  languageName: node
  linkType: hard

"protobufjs@npm:^6.8.8":
  version: 6.11.2
  resolution: "protobufjs@npm:6.11.2"
  dependencies:
    "@protobufjs/aspromise": ^1.1.2
    "@protobufjs/base64": ^1.1.2
    "@protobufjs/codegen": ^2.0.4
    "@protobufjs/eventemitter": ^1.1.0
    "@protobufjs/fetch": ^1.1.0
    "@protobufjs/float": ^1.0.2
    "@protobufjs/inquire": ^1.1.0
    "@protobufjs/path": ^1.1.2
    "@protobufjs/pool": ^1.1.0
    "@protobufjs/utf8": ^1.1.0
    "@types/long": ^4.0.1
    "@types/node": ">=13.7.0"
    long: ^4.0.0
  bin:
    pbjs: bin/pbjs
    pbts: bin/pbts
  checksum: 3c7c6875ca794ae9c31c532f42368b6fd6d446b20d696f261946feb3f3a9afe482a142afdca7c5bf0cf958b2d79cdbb8bbd56f55bd13b221920267d3332a062e
  languageName: node
  linkType: hard

"ts-poet@npm:^4.5.0":
  version: 4.5.0
  resolution: "ts-poet@npm:4.5.0"
  dependencies:
    "@types/prettier": ^1.19.0
    lodash: ^4.17.15
    prettier: ^2.0.2
  checksum: 8d8e59a29d8ff3d693cb970df1bd294946ee560ee19ed7eb405cf4b2871c51a4de861988be1b65fc03dc2fb4b60f7d41917dd05cfad79cb48a18c137336a297c
  languageName: node
  linkType: hard

"ts-proto-descriptors@npm:^1.2.1":
  version: 1.2.1
  resolution: "ts-proto-descriptors@npm:1.2.1"
  dependencies:
    long: ^4.0.0
    protobufjs: ^6.8.8
  checksum: ad62bdf0a3b86a71e6e76d12f89601b9e037df7430225181dfd4546cd62740a9284ba0f94a4bec69fed6a4c938e35ba52089c85edfeebb119d568193d90ba8f5
  languageName: node
  linkType: hard

"ts-proto@npm:^1.81.1":
  version: 1.81.1
  resolution: "ts-proto@npm:1.81.1"
  dependencies:
    "@types/object-hash": ^1.3.0
    dataloader: ^1.4.0
    object-hash: ^1.3.1
    protobufjs: ^6.8.8
    ts-poet: ^4.5.0
    ts-proto-descriptors: ^1.2.1
  bin:
    protoc-gen-ts_proto: protoc-gen-ts_proto
  checksum: 7d6f3387ea5d6663533260e8f7d9ad0ed0a26cc3563d36c0cc81b29180124d6adba485a3999da944f10faaa34e0f8f0f3c413c03fc44fdc0b411901864164f04
  languageName: node
  linkType: hard
